
Microsoft Visual Studio Solution File, Format Version 12.00
# Visual Studio Version 16
VisualStudioVersion = 16.0.31911.196
MinimumVisualStudioVersion = 10.0.40219.1
Project("{8BC9CEB8-8B4A-11D0-8D11-00A0C91BC942}") = "get_csv", "get_csv\get_csv.vcxproj", "{78E6477A-B024-477E-A9DF-826E0D194DDE}"
EndProject
Global
	GlobalSection(SolutionConfigurationPlatforms) = preSolution
		Debug|x64 = Debug|x64
		Debug|x86 = Debug|x86
		Release|x64 = Release|x64
		Release|x86 = Release|x86
	EndGlobalSection
	GlobalSection(ProjectConfigurationPlatforms) = postSolution
		{78E6477A-B024-477E-A9DF-826E0D194DDE}.Debug|x64.ActiveCfg = Debug|x64
		{78E6477A-B024-477E-A9DF-826E0D194DDE}.Debug|x64.Build.0 = Debug|x64
		{78E6477A-B024-477E-A9DF-826E0D194DDE}.Debug|x86.ActiveCfg = Debug|Win32
		{78E6477A-B024-477E-A9DF-826E0D194DDE}.Debug|x86.Build.0 = Debug|Win32
		{78E6477A-B024-477E-A9DF-826E0D194DDE}.Release|x64.ActiveCfg = Release|x64
		{78E6477A-B024-477E-A9DF-826E0D194DDE}.Release|x64.Build.0 = Release|x64
		{78E6477A-B024-477E-A9DF-826E0D194DDE}.Release|x86.ActiveCfg = Release|Win32
		{78E6477A-B024-477E-A9DF-826E0D194DDE}.Release|x86.Build.0 = Release|Win32
	EndGlobalSection
	GlobalSection(SolutionProperties) = preSolution
		HideSolutionNode = FALSE
	EndGlobalSection
	GlobalSection(ExtensibilityGlobals) = postSolution
		SolutionGuid = {5A922AB0-E609-46BF-B5FB-B822869572E8}
	EndGlobalSection
EndGlobal
